
Microsoft Visual Studio Solution File, Format Version 12.00
# Visual Studio 2012
Project("{FAE04EC0-301F-11D3-BF4B-00C04F79EFBC}") = "Geoculture", "Geoculture\Geoculture.csproj", "{24325AFF-1F64-433A-9009-D474D338EEF6}"
EndProject
Global
	GlobalSection(SolutionConfigurationPlatforms) = preSolution
		Debug|Any CPU = Debug|Any CPU
		Release|Any CPU = Release|Any CPU
	EndGlobalSection
	GlobalSection(ProjectConfigurationPlatforms) = postSolution
		{24325AFF-1F64-433A-9009-D474D338EEF6}.Debug|Any CPU.ActiveCfg = Debug|Any CPU
		{24325AFF-1F64-433A-9009-D474D338EEF6}.Debug|Any CPU.Build.0 = Debug|Any CPU
		{24325AFF-1F64-433A-9009-D474D338EEF6}.Release|Any CPU.ActiveCfg = Release|Any CPU
		{24325AFF-1F64-433A-9009-D474D338EEF6}.Release|Any CPU.Build.0 = Release|Any CPU
	EndGlobalSection
	GlobalSection(SolutionProperties) = preSolution
		HideSolutionNode = FALSE
	EndGlobalSection
EndGlobal
